// !$*UTF8*$!
{
	archiveVersion = 1;
	classes = {
	};
	objectVersion = 46;
	objects = {

/* Begin PBXBuildFile section */
		4EF838001BC6E3CF00012592 /* main.m in Sources */ = {isa = PBXBuildFile; fileRef = 4EF837FF1BC6E3CF00012592 /* main.m */; };
		4EF838031BC6E3CF00012592 /* AppDelegate.m in Sources */ = {isa = PBXBuildFile; fileRef = 4EF838021BC6E3CF00012592 /* AppDelegate.m */; };
		4EF838091BC6E3CF00012592 /* Main.storyboard in Resources */ = {isa = PBXBuildFile; fileRef = 4EF838071BC6E3CF00012592 /* Main.storyboard */; };
		4EF8380B1BC6E3CF00012592 /* Images.xcassets in Resources */ = {isa = PBXBuildFile; fileRef = 4EF8380A1BC6E3CF00012592 /* Images.xcassets */; };
		4EF8380E1BC6E3CF00012592 /* LaunchScreen.xib in Resources */ = {isa = PBXBuildFile; fileRef = 4EF8380C1BC6E3CF00012592 /* LaunchScreen.xib */; };
		4EF8381A1BC6E3CF00012592 /* calendarTests.m in Sources */ = {isa = PBXBuildFile; fileRef = 4EF838191BC6E3CF00012592 /* calendarTests.m */; };
		4EF8384F1BC7ED1200012592 /* ViewController.m in Sources */ = {isa = PBXBuildFile; fileRef = 4EF8384E1BC7ED1200012592 /* ViewController.m */; };
		4EF838531BC7ED4E00012592 /* calendarCell.m in Sources */ = {isa = PBXBuildFile; fileRef = 4EF838511BC7ED4E00012592 /* calendarCell.m */; };
		4EF838541BC7ED4E00012592 /* calendarCell.xib in Resources */ = {isa = PBXBuildFile; fileRef = 4EF838521BC7ED4E00012592 /* calendarCell.xib */; };
		4EF838581BC7F73D00012592 /* NSDate+Addtion.m in Sources */ = {isa = PBXBuildFile; fileRef = 4EF838571BC7F73D00012592 /* NSDate+Addtion.m */; };
		4EF8385B1BC7F75200012592 /* NSString+Addtion.m in Sources */ = {isa = PBXBuildFile; fileRef = 4EF8385A1BC7F75200012592 /* NSString+Addtion.m */; };
		4EF8385E1BC7FC4F00012592 /* NSDate+convenience.m in Sources */ = {isa = PBXBuildFile; fileRef = 4EF8385D1BC7FC4F00012592 /* NSDate+convenience.m */; };
/* End PBXBuildFile section */

/* Begin PBXContainerItemProxy section */
		4EF838141BC6E3CF00012592 /* PBXContainerItemProxy */ = {
			isa = PBXContainerItemProxy;
			containerPortal = 4EF837F21BC6E3CF00012592 /* Project object */;
			proxyType = 1;
			remoteGlobalIDString = 4EF837F91BC6E3CF00012592;
			remoteInfo = calendar;
		};
/* End PBXContainerItemProxy section */

/* Begin PBXFileReference section */
		4EF837FA1BC6E3CF00012592 /* calendar.app */ = {isa = PBXFileReference; explicitFileType = wrapper.application; includeInIndex = 0; path = calendar.app; sourceTree = BUILT_PRODUCTS_DIR; };
		4EF837FE1BC6E3CF00012592 /* Info.plist */ = {isa = PBXFileReference; lastKnownFileType = text.plist.xml; path = Info.plist; sourceTree = "<group>"; };
		4EF837FF1BC6E3CF00012592 /* main.m */ = {isa = PBXFileReference; lastKnownFileType = sourcecode.c.objc; path = main.m; sourceTree = "<group>"; };
		4EF838011BC6E3CF00012592 /* AppDelegate.h */ = {isa = PBXFileReference; lastKnownFileType = sourcecode.c.h; path = AppDelegate.h; sourceTree = "<group>"; };
		4EF838021BC6E3CF00012592 /* AppDelegate.m */ = {isa = PBXFileReference; lastKnownFileType = sourcecode.c.objc; path = AppDelegate.m; sourceTree = "<group>"; };
		4EF838081BC6E3CF00012592 /* Base */ = {isa = PBXFileReference; lastKnownFileType = file.storyboard; name = Base; path = Base.lproj/Main.storyboard; sourceTree = "<group>"; };
		4EF8380A1BC6E3CF00012592 /* Images.xcassets */ = {isa = PBXFileReference; lastKnownFileType = folder.assetcatalog; path = Images.xcassets; sourceTree = "<group>"; };
		4EF8380D1BC6E3CF00012592 /* Base */ = {isa = PBXFileReference; lastKnownFileType = file.xib; name = Base; path = Base.lproj/LaunchScreen.xib; sourceTree = "<group>"; };
		4EF838131BC6E3CF00012592 /* calendarTests.xctest */ = {isa = PBXFileReference; explicitFileType = wrapper.cfbundle; includeInIndex = 0; path = calendarTests.xctest; sourceTree = BUILT_PRODUCTS_DIR; };
		4EF838181BC6E3CF00012592 /* Info.plist */ = {isa = PBXFileReference; lastKnownFileType = text.plist.xml; path = Info.plist; sourceTree = "<group>"; };
		4EF838191BC6E3CF00012592 /* calendarTests.m */ = {isa = PBXFileReference; lastKnownFileType = sourcecode.c.objc; path = calendarTests.m; sourceTree = "<group>"; };
		4EF8384D1BC7ED1200012592 /* ViewController.h */ = {isa = PBXFileReference; fileEncoding = 4; lastKnownFileType = sourcecode.c.h; path = ViewController.h; sourceTree = "<group>"; };
		4EF8384E1BC7ED1200012592 /* ViewController.m */ = {isa = PBXFileReference; fileEncoding = 4; lastKnownFileType = sourcecode.c.objc; path = ViewController.m; sourceTree = "<group>"; };
		4EF838501BC7ED4E00012592 /* calendarCell.h */ = {isa = PBXFileReference; fileEncoding = 4; lastKnownFileType = sourcecode.c.h; path = calendarCell.h; sourceTree = "<group>"; };
		4EF838511BC7ED4E00012592 /* calendarCell.m */ = {isa = PBXFileReference; fileEncoding = 4; lastKnownFileType = sourcecode.c.objc; path = calendarCell.m; sourceTree = "<group>"; };
		4EF838521BC7ED4E00012592 /* calendarCell.xib */ = {isa = PBXFileReference; fileEncoding = 4; lastKnownFileType = file.xib; path = calendarCell.xib; sourceTree = "<group>"; };
		4EF838561BC7F73D00012592 /* NSDate+Addtion.h */ = {isa = PBXFileReference; fileEncoding = 4; lastKnownFileType = sourcecode.c.h; path = "NSDate+Addtion.h"; sourceTree = "<group>"; };
		4EF838571BC7F73D00012592 /* NSDate+Addtion.m */ = {isa = PBXFileReference; fileEncoding = 4; lastKnownFileType = sourcecode.c.objc; path = "NSDate+Addtion.m"; sourceTree = "<group>"; };
		4EF838591BC7F75200012592 /* NSString+Addtion.h */ = {isa = PBXFileReference; fileEncoding = 4; lastKnownFileType = sourcecode.c.h; path = "NSString+Addtion.h"; sourceTree = "<group>"; };
		4EF8385A1BC7F75200012592 /* NSString+Addtion.m */ = {isa = PBXFileReference; fileEncoding = 4; lastKnownFileType = sourcecode.c.objc; path = "NSString+Addtion.m"; sourceTree = "<group>"; };
		4EF8385C1BC7FC4F00012592 /* NSDate+convenience.h */ = {isa = PBXFileReference; fileEncoding = 4; lastKnownFileType = sourcecode.c.h; path = "NSDate+convenience.h"; sourceTree = "<group>"; };
		4EF8385D1BC7FC4F00012592 /* NSDate+convenience.m */ = {isa = PBXFileReference; fileEncoding = 4; lastKnownFileType = sourcecode.c.objc; path = "NSDate+convenience.m"; sourceTree = "<group>"; };
/* End PBXFileReference section */

/* Begin PBXFrameworksBuildPhase section */
		4EF837F71BC6E3CF00012592 /* Frameworks */ = {
			isa = PBXFrameworksBuildPhase;
			buildActionMask = 2147483647;
			files = (
			);
			runOnlyForDeploymentPostprocessing = 0;
		};
		4EF838101BC6E3CF00012592 /* Frameworks */ = {
			isa = PBXFrameworksBuildPhase;
			buildActionMask = 2147483647;
			files = (
			);
			runOnlyForDeploymentPostprocessing = 0;
		};
/* End PBXFrameworksBuildPhase section */

/* Begin PBXGroup section */
		4EF837F11BC6E3CF00012592 = {
			isa = PBXGroup;
			children = (
				4EF837FC1BC6E3CF00012592 /* calendar */,
				4EF838161BC6E3CF00012592 /* calendarTests */,
				4EF837FB1BC6E3CF00012592 /* Products */,
			);
			sourceTree = "<group>";
		};
		4EF837FB1BC6E3CF00012592 /* Products */ = {
			isa = PBXGroup;
			children = (
				4EF837FA1BC6E3CF00012592 /* calendar.app */,
				4EF838131BC6E3CF00012592 /* calendarTests.xctest */,
			);
			name = Products;
			sourceTree = "<group>";
		};
		4EF837FC1BC6E3CF00012592 /* calendar */ = {
			isa = PBXGroup;
			children = (
				4EF838551BC7F71100012592 /* category */,
				4EF8384C1BC7ED1200012592 /* UI */,
				4EF838011BC6E3CF00012592 /* AppDelegate.h */,
				4EF838021BC6E3CF00012592 /* AppDelegate.m */,
				4EF838071BC6E3CF00012592 /* Main.storyboard */,
				4EF8380A1BC6E3CF00012592 /* Images.xcassets */,
				4EF8380C1BC6E3CF00012592 /* LaunchScreen.xib */,
				4EF837FD1BC6E3CF00012592 /* Supporting Files */,
			);
			path = calendar;
			sourceTree = "<group>";
		};
		4EF837FD1BC6E3CF00012592 /* Supporting Files */ = {
			isa = PBXGroup;
			children = (
				4EF837FE1BC6E3CF00012592 /* Info.plist */,
				4EF837FF1BC6E3CF00012592 /* main.m */,
			);
			name = "Supporting Files";
			sourceTree = "<group>";
		};
		4EF838161BC6E3CF00012592 /* calendarTests */ = {
			isa = PBXGroup;
			children = (
				4EF838191BC6E3CF00012592 /* calendarTests.m */,
				4EF838171BC6E3CF00012592 /* Supporting Files */,
			);
			path = calendarTests;
			sourceTree = "<group>";
		};
		4EF838171BC6E3CF00012592 /* Supporting Files */ = {
			isa = PBXGroup;
			children = (
				4EF838181BC6E3CF00012592 /* Info.plist */,
			);
			name = "Supporting Files";
			sourceTree = "<group>";
		};
		4EF8384C1BC7ED1200012592 /* UI */ = {
			isa = PBXGroup;
			children = (
				4EF8384D1BC7ED1200012592 /* ViewController.h */,
				4EF8384E1BC7ED1200012592 /* ViewController.m */,
				4EF838501BC7ED4E00012592 /* calendarCell.h */,
				4EF838511BC7ED4E00012592 /* calendarCell.m */,
				4EF838521BC7ED4E00012592 /* calendarCell.xib */,
			);
			path = UI;
			sourceTree = "<group>";
		};
		4EF838551BC7F71100012592 /* category */ = {
			isa = PBXGroup;
			children = (
				4EF838561BC7F73D00012592 /* NSDate+Addtion.h */,
				4EF838571BC7F73D00012592 /* NSDate+Addtion.m */,
				4EF838591BC7F75200012592 /* NSString+Addtion.h */,
				4EF8385A1BC7F75200012592 /* NSString+Addtion.m */,
				4EF8385C1BC7FC4F00012592 /* NSDate+convenience.h */,
				4EF8385D1BC7FC4F00012592 /* NSDate+convenience.m */,
			);
			path = category;
			sourceTree = "<group>";
		};
/* End PBXGroup section */

/* Begin PBXNativeTarget section */
		4EF837F91BC6E3CF00012592 /* calendar */ = {
			isa = PBXNativeTarget;
			buildConfigurationList = 4EF8381D1BC6E3CF00012592 /* Build configuration list for PBXNativeTarget "calendar" */;
			buildPhases = (
				4EF837F61BC6E3CF00012592 /* Sources */,
				4EF837F71BC6E3CF00012592 /* Frameworks */,
				4EF837F81BC6E3CF00012592 /* Resources */,
			);
			buildRules = (
			);
			dependencies = (
			);
			name = calendar;
			productName = calendar;
			productReference = 4EF837FA1BC6E3CF00012592 /* calendar.app */;
			productType = "com.apple.product-type.application";
		};
		4EF838121BC6E3CF00012592 /* calendarTests */ = {
			isa = PBXNativeTarget;
			buildConfigurationList = 4EF838201BC6E3CF00012592 /* Build configuration list for PBXNativeTarget "calendarTests" */;
			buildPhases = (
				4EF8380F1BC6E3CF00012592 /* Sources */,
				4EF838101BC6E3CF00012592 /* Frameworks */,
				4EF838111BC6E3CF00012592 /* Resources */,
			);
			buildRules = (
			);
			dependencies = (
				4EF838151BC6E3CF00012592 /* PBXTargetDependency */,
			);
			name = calendarTests;
			productName = calendarTests;
			productReference = 4EF838131BC6E3CF00012592 /* calendarTests.xctest */;
			productType = "com.apple.product-type.bundle.unit-test";
		};
/* End PBXNativeTarget section */

/* Begin PBXProject section */
		4EF837F21BC6E3CF00012592 /* Project object */ = {
			isa = PBXProject;
			attributes = {
				LastUpgradeCheck = 0640;
				ORGANIZATIONNAME = HanJiatong;
				TargetAttributes = {
					4EF837F91BC6E3CF00012592 = {
						CreatedOnToolsVersion = 6.4;
					};
					4EF838121BC6E3CF00012592 = {
						CreatedOnToolsVersion = 6.4;
						TestTargetID = 4EF837F91BC6E3CF00012592;
					};
				};
			};
			buildConfigurationList = 4EF837F51BC6E3CF00012592 /* Build configuration list for PBXProject "calendar" */;
			compatibilityVersion = "Xcode 3.2";
			developmentRegion = English;
			hasScannedForEncodings = 0;
			knownRegions = (
				en,
				Base,
			);
			mainGroup = 4EF837F11BC6E3CF00012592;
			productRefGroup = 4EF837FB1BC6E3CF00012592 /* Products */;
			projectDirPath = "";
			projectRoot = "";
			targets = (
				4EF837F91BC6E3CF00012592 /* calendar */,
				4EF838121BC6E3CF00012592 /* calendarTests */,
			);
		};
/* End PBXProject section */

/* Begin PBXResourcesBuildPhase section */
		4EF837F81BC6E3CF00012592 /* Resources */ = {
			isa = PBXResourcesBuildPhase;
			buildActionMask = 2147483647;
			files = (
				4EF838091BC6E3CF00012592 /* Main.storyboard in Resources */,
				4EF8380E1BC6E3CF00012592 /* LaunchScreen.xib in Resources */,
				4EF8380B1BC6E3CF00012592 /* Images.xcassets in Resources */,
				4EF838541BC7ED4E00012592 /* calendarCell.xib in Resources */,
			);
			runOnlyForDeploymentPostprocessing = 0;
		};
		4EF838111BC6E3CF00012592 /* Resources */ = {
			isa = PBXResourcesBuildPhase;
			buildActionMask = 2147483647;
			files = (
			);
			runOnlyForDeploymentPostprocessing = 0;
		};
/* End PBXResourcesBuildPhase section */

/* Begin PBXSourcesBuildPhase section */
		4EF837F61BC6E3CF00012592 /* Sources */ = {
			isa = PBXSourcesBuildPhase;
			buildActionMask = 2147483647;
			files = (
				4EF8385E1BC7FC4F00012592 /* NSDate+convenience.m in Sources */,
				4EF838031BC6E3CF00012592 /* AppDelegate.m in Sources */,
				4EF8384F1BC7ED1200012592 /* ViewController.m in Sources */,
				4EF838001BC6E3CF00012592 /* main.m in Sources */,
				4EF838581BC7F73D00012592 /* NSDate+Addtion.m in Sources */,
				4EF838531BC7ED4E00012592 /* calendarCell.m in Sources */,
				4EF8385B1BC7F75200012592 /* NSString+Addtion.m in Sources */,
			);
			runOnlyForDeploymentPostprocessing = 0;
		};
		4EF8380F1BC6E3CF00012592 /* Sources */ = {
			isa = PBXSourcesBuildPhase;
			buildActionMask = 2147483647;
			files = (
				4EF8381A1BC6E3CF00012592 /* calendarTests.m in Sources */,
			);
			runOnlyForDeploymentPostprocessing = 0;
		};
/* End PBXSourcesBuildPhase section */

/* Begin PBXTargetDependency section */
		4EF838151BC6E3CF00012592 /* PBXTargetDependency */ = {
			isa = PBXTargetDependency;
			target = 4EF837F91BC6E3CF00012592 /* calendar */;
			targetProxy = 4EF838141BC6E3CF00012592 /* PBXContainerItemProxy */;
		};
/* End PBXTargetDependency section */

/* Begin PBXVariantGroup section */
		4EF838071BC6E3CF00012592 /* Main.storyboard */ = {
			isa = PBXVariantGroup;
			children = (
				4EF838081BC6E3CF00012592 /* Base */,
			);
			name = Main.storyboard;
			sourceTree = "<group>";
		};
		4EF8380C1BC6E3CF00012592 /* LaunchScreen.xib */ = {
			isa = PBXVariantGroup;
			children = (
				4EF8380D1BC6E3CF00012592 /* Base */,
			);
			name = LaunchScreen.xib;
			sourceTree = "<group>";
		};
/* End PBXVariantGroup section */

/* Begin XCBuildConfiguration section */
		4EF8381B1BC6E3CF00012592 /* Debug */ = {
			isa = XCBuildConfiguration;
			buildSettings = {
				ALWAYS_SEARCH_USER_PATHS = NO;
				CLANG_CXX_LANGUAGE_STANDARD = "gnu++0x";
				CLANG_CXX_LIBRARY = "libc++";
				CLANG_ENABLE_MODULES = YES;
				CLANG_ENABLE_OBJC_ARC = YES;
				CLANG_WARN_BOOL_CONVERSION = YES;
				CLANG_WARN_CONSTANT_CONVERSION = YES;
				CLANG_WARN_DIRECT_OBJC_ISA_USAGE = YES_ERROR;
				CLANG_WARN_EMPTY_BODY = YES;
				CLANG_WARN_ENUM_CONVERSION = YES;
				CLANG_WARN_INT_CONVERSION = YES;
				CLANG_WARN_OBJC_ROOT_CLASS = YES_ERROR;
				CLANG_WARN_UNREACHABLE_CODE = YES;
				CLANG_WARN__DUPLICATE_METHOD_MATCH = YES;
				"CODE_SIGN_IDENTITY[sdk=iphoneos*]" = "iPhone Developer";
				COPY_PHASE_STRIP = NO;
				DEBUG_INFORMATION_FORMAT = "dwarf-with-dsym";
				ENABLE_STRICT_OBJC_MSGSEND = YES;
				GCC_C_LANGUAGE_STANDARD = gnu99;
				GCC_DYNAMIC_NO_PIC = NO;
				GCC_NO_COMMON_BLOCKS = YES;
				GCC_OPTIMIZATION_LEVEL = 0;
				GCC_PREPROCESSOR_DEFINITIONS = (
					"DEBUG=1",
					"$(inherited)",
				);
				GCC_SYMBOLS_PRIVATE_EXTERN = NO;
				GCC_WARN_64_TO_32_BIT_CONVERSION = YES;
				GCC_WARN_ABOUT_RETURN_TYPE = YES_ERROR;
				GCC_WARN_UNDECLARED_SELECTOR = YES;
				GCC_WARN_UNINITIALIZED_AUTOS = YES_AGGRESSIVE;
				GCC_WARN_UNUSED_FUNCTION = YES;
				GCC_WARN_UNUSED_VARIABLE = YES;
				IPHONEOS_DEPLOYMENT_TARGET = 8.4;
				MTL_ENABLE_DEBUG_INFO = YES;
				ONLY_ACTIVE_ARCH = YES;
				SDKROOT = iphoneos;
			};
			name = Debug;
		};
		4EF8381C1BC6E3CF00012592 /* Release */ = {
			isa = XCBuildConfiguration;
			buildSettings = {
				ALWAYS_SEARCH_USER_PATHS = NO;
				CLANG_CXX_LANGUAGE_STANDARD = "gnu++0x";
				CLANG_CXX_LIBRARY = "libc++";
				CLANG_ENABLE_MODULES = YES;
				CLANG_ENABLE_OBJC_ARC = YES;
				CLANG_WARN_BOOL_CONVERSION = YES;
				CLANG_WARN_CONSTANT_CONVERSION = YES;
				CLANG_WARN_DIRECT_OBJC_ISA_USAGE = YES_ERROR;
				CLANG_WARN_EMPTY_BODY = YES;
				CLANG_WARN_ENUM_CONVERSION = YES;
				CLANG_WARN_INT_CONVERSION = YES;
				CLANG_WARN_OBJC_ROOT_CLASS = YES_ERROR;
				CLANG_WARN_UNREACHABLE_CODE = YES;
				CLANG_WARN__DUPLICATE_METHOD_MATCH = YES;
				"CODE_SIGN_IDENTITY[sdk=iphoneos*]" = "iPhone Developer";
				COPY_PHASE_STRIP = NO;
				DEBUG_INFORMATION_FORMAT = "dwarf-with-dsym";
				ENABLE_NS_ASSERTIONS = NO;
				ENABLE_STRICT_OBJC_MSGSEND = YES;
				GCC_C_LANGUAGE_STANDARD = gnu99;
				GCC_NO_COMMON_BLOCKS = YES;
				GCC_WARN_64_TO_32_BIT_CONVERSION = YES;
				GCC_WARN_ABOUT_RETURN_TYPE = YES_ERROR;
				GCC_WARN_UNDECLARED_SELECTOR = YES;
				GCC_WARN_UNINITIALIZED_AUTOS = YES_AGGRESSIVE;
				GCC_WARN_UNUSED_FUNCTION = YES;
				GCC_WARN_UNUSED_VARIABLE = YES;
				IPHONEOS_DEPLOYMENT_TARGET = 8.4;
				MTL_ENABLE_DEBUG_INFO = NO;
				SDKROOT = iphoneos;
				VALIDATE_PRODUCT = YES;
			};
			name = Release;
		};
		4EF8381E1BC6E3CF00012592 /* Debug */ = {
			isa = XCBuildConfiguration;
			buildSettings = {
				ASSETCATALOG_COMPILER_APPICON_NAME = AppIcon;
				INFOPLIST_FILE = calendar/Info.plist;
				IPHONEOS_DEPLOYMENT_TARGET = 7.0;
				LD_RUNPATH_SEARCH_PATHS = "$(inherited) @executable_path/Frameworks";
				PRODUCT_NAME = "$(TARGET_NAME)";
			};
			name = Debug;
		};
		4EF8381F1BC6E3CF00012592 /* Release */ = {
			isa = XCBuildConfiguration;
			buildSettings = {
				ASSETCATALOG_COMPILER_APPICON_NAME = AppIcon;
				INFOPLIST_FILE = calendar/Info.plist;
				IPHONEOS_DEPLOYMENT_TARGET = 7.0;
				LD_RUNPATH_SEARCH_PATHS = "$(inherited) @executable_path/Frameworks";
				PRODUCT_NAME = "$(TARGET_NAME)";
			};
			name = Release;
		};
		4EF838211BC6E3CF00012592 /* Debug */ = {
			isa = XCBuildConfiguration;
			buildSettings = {
				BUNDLE_LOADER = "$(TEST_HOST)";
				FRAMEWORK_SEARCH_PATHS = (
					"$(SDKROOT)/Developer/Library/Frameworks",
					"$(inherited)",
				);
				GCC_PREPROCESSOR_DEFINITIONS = (
					"DEBUG=1",
					"$(inherited)",
				);
				INFOPLIST_FILE = calendarTests/Info.plist;
				LD_RUNPATH_SEARCH_PATHS = "$(inherited) @executable_path/Frameworks @loader_path/Frameworks";
				PRODUCT_NAME = "$(TARGET_NAME)";
				TEST_HOST = "$(BUILT_PRODUCTS_DIR)/calendar.app/calendar";
			};
			name = Debug;
		};
		4EF838221BC6E3CF00012592 /* Release */ = {
			isa = XCBuildConfiguration;
			buildSettings = {
				BUNDLE_LOADER = "$(TEST_HOST)";
				FRAMEWORK_SEARCH_PATHS = (
					"$(SDKROOT)/Developer/Library/Frameworks",
					"$(inherited)",
				);
				INFOPLIST_FILE = calendarTests/Info.plist;
				LD_RUNPATH_SEARCH_PATHS = "$(inherited) @executable_path/Frameworks @loader_path/Frameworks";
				PRODUCT_NAME = "$(TARGET_NAME)";
				TEST_HOST = "$(BUILT_PRODUCTS_DIR)/calendar.app/calendar";
			};
			name = Release;
		};
/* End XCBuildConfiguration section */

/* Begin XCConfigurationList section */
		4EF837F51BC6E3CF00012592 /* Build configuration list for PBXProject "calendar" */ = {
			isa = XCConfigurationList;
			buildConfigurations = (
				4EF8381B1BC6E3CF00012592 /* Debug */,
				4EF8381C1BC6E3CF00012592 /* Release */,
			);
			defaultConfigurationIsVisible = 0;
			defaultConfigurationName = Release;
		};
		4EF8381D1BC6E3CF00012592 /* Build configuration list for PBXNativeTarget "calendar" */ = {
			isa = XCConfigurationList;
			buildConfigurations = (
				4EF8381E1BC6E3CF00012592 /* Debug */,
				4EF8381F1BC6E3CF00012592 /* Release */,
			);
			defaultConfigurationIsVisible = 0;
			defaultConfigurationName = Release;
		};
		4EF838201BC6E3CF00012592 /* Build configuration list for PBXNativeTarget "calendarTests" */ = {
			isa = XCConfigurationList;
			buildConfigurations = (
				4EF838211BC6E3CF00012592 /* Debug */,
				4EF838221BC6E3CF00012592 /* Release */,
			);
			defaultConfigurationIsVisible = 0;
			defaultConfigurationName = Release;
		};
/* End XCConfigurationList section */
	};
	rootObject = 4EF837F21BC6E3CF00012592 /* Project object */;
}
